
Microsoft Visual Studio Solution File, Format Version 12.00
# Visual Studio Version 17
VisualStudioVersion = 17.13.35818.85 d17.13
MinimumVisualStudioVersion = 10.0.40219.1
Project("{FAE04EC0-301F-11D3-BF4B-00C04F79EFBC}") = "View", "View\View.csproj", "{8082234A-9F34-4FBF-8711-6327B099E0BB}"
EndProject
Global
	GlobalSection(SolutionConfigurationPlatforms) = preSolution
		Debug|Any CPU = Debug|Any CPU
		Release|Any CPU = Release|Any CPU
	EndGlobalSection
	GlobalSection(ProjectConfigurationPlatforms) = postSolution
		{8082234A-9F34-4FBF-8711-6327B099E0BB}.Debug|Any CPU.ActiveCfg = Debug|Any CPU
		{8082234A-9F34-4FBF-8711-6327B099E0BB}.Debug|Any CPU.Build.0 = Debug|Any CPU
		{8082234A-9F34-4FBF-8711-6327B099E0BB}.Release|Any CPU.ActiveCfg = Release|Any CPU
		{8082234A-9F34-4FBF-8711-6327B099E0BB}.Release|Any CPU.Build.0 = Release|Any CPU
	EndGlobalSection
	GlobalSection(SolutionProperties) = preSolution
		HideSolutionNode = FALSE
	EndGlobalSection
	GlobalSection(ExtensibilityGlobals) = postSolution
		SolutionGuid = {79AC057C-D06B-42C0-B87C-BE216F48F738}
	EndGlobalSection
EndGlobal
