
Microsoft Visual Studio Solution File, Format Version 12.00
# Visual Studio Version 17
VisualStudioVersion = 17.7.34031.279
MinimumVisualStudioVersion = 10.0.40219.1
Project("{FAE04EC0-301F-11D3-BF4B-00C04F79EFBC}") = "Programming1", "Programming1\Programming1.csproj", "{854C7C4A-4EB2-4708-A465-764825E6DF57}"
EndProject
Global
	GlobalSection(SolutionConfigurationPlatforms) = preSolution
		Debug|Any CPU = Debug|Any CPU
		Release|Any CPU = Release|Any CPU
	EndGlobalSection
	GlobalSection(ProjectConfigurationPlatforms) = postSolution
		{854C7C4A-4EB2-4708-A465-764825E6DF57}.Debug|Any CPU.ActiveCfg = Debug|Any CPU
		{854C7C4A-4EB2-4708-A465-764825E6DF57}.Debug|Any CPU.Build.0 = Debug|Any CPU
		{854C7C4A-4EB2-4708-A465-764825E6DF57}.Release|Any CPU.ActiveCfg = Release|Any CPU
		{854C7C4A-4EB2-4708-A465-764825E6DF57}.Release|Any CPU.Build.0 = Release|Any CPU
	EndGlobalSection
	GlobalSection(SolutionProperties) = preSolution
		HideSolutionNode = FALSE
	EndGlobalSection
	GlobalSection(ExtensibilityGlobals) = postSolution
		SolutionGuid = {378B70CD-C423-4388-918D-BC091AF9383A}
	EndGlobalSection
EndGlobal
